
Microsoft Visual Studio Solution File, Format Version 12.00
# Visual Studio Version 17
VisualStudioVersion = 17.0.31903.59
MinimumVisualStudioVersion = 10.0.40219.1
Project("{FAE04EC0-301F-11D3-BF4B-00C04F79EFBC}") = "Slip39.Core", "Slip39.Core\Slip39.Core.csproj", "{B4C79DB9-7A0C-42C2-AF63-4FD19FFA665D}"
EndProject
Project("{FAE04EC0-301F-11D3-BF4B-00C04F79EFBC}") = "Slip39.Console", "Slip39.Console\Slip39.Console.csproj", "{44AEAC77-C552-4D1E-97C9-A1959A558A9F}"
EndProject
Project("{FAE04EC0-301F-11D3-BF4B-00C04F79EFBC}") = "Slip39.Core.Tests", "Slip39.Core.Tests\Slip39.Core.Tests.csproj", "{F403E514-3A87-4C86-9301-60C5A5F5A665}"
EndProject
Project("{FAE04EC0-301F-11D3-BF4B-00C04F79EFBC}") = "Slip39.Console.Tests", "Slip39.Console.Tests\Slip39.Console.Tests.csproj", "{D9E72E4D-444A-4EB1-8C43-A43DC86B288C}"
EndProject
Global
	GlobalSection(SolutionConfigurationPlatforms) = preSolution
		Debug|Any CPU = Debug|Any CPU
		Debug|x64 = Debug|x64
		Debug|x86 = Debug|x86
		Release|Any CPU = Release|Any CPU
		Release|x64 = Release|x64
		Release|x86 = Release|x86
	EndGlobalSection
	GlobalSection(ProjectConfigurationPlatforms) = postSolution
		{B4C79DB9-7A0C-42C2-AF63-4FD19FFA665D}.Debug|Any CPU.ActiveCfg = Debug|Any CPU
		{B4C79DB9-7A0C-42C2-AF63-4FD19FFA665D}.Debug|Any CPU.Build.0 = Debug|Any CPU
		{B4C79DB9-7A0C-42C2-AF63-4FD19FFA665D}.Debug|x64.ActiveCfg = Debug|Any CPU
		{B4C79DB9-7A0C-42C2-AF63-4FD19FFA665D}.Debug|x64.Build.0 = Debug|Any CPU
		{B4C79DB9-7A0C-42C2-AF63-4FD19FFA665D}.Debug|x86.ActiveCfg = Debug|Any CPU
		{B4C79DB9-7A0C-42C2-AF63-4FD19FFA665D}.Debug|x86.Build.0 = Debug|Any CPU
		{B4C79DB9-7A0C-42C2-AF63-4FD19FFA665D}.Release|Any CPU.ActiveCfg = Release|Any CPU
		{B4C79DB9-7A0C-42C2-AF63-4FD19FFA665D}.Release|Any CPU.Build.0 = Release|Any CPU
		{B4C79DB9-7A0C-42C2-AF63-4FD19FFA665D}.Release|x64.ActiveCfg = Release|Any CPU
		{B4C79DB9-7A0C-42C2-AF63-4FD19FFA665D}.Release|x64.Build.0 = Release|Any CPU
		{B4C79DB9-7A0C-42C2-AF63-4FD19FFA665D}.Release|x86.ActiveCfg = Release|Any CPU
		{B4C79DB9-7A0C-42C2-AF63-4FD19FFA665D}.Release|x86.Build.0 = Release|Any CPU
		{44AEAC77-C552-4D1E-97C9-A1959A558A9F}.Debug|Any CPU.ActiveCfg = Debug|Any CPU
		{44AEAC77-C552-4D1E-97C9-A1959A558A9F}.Debug|Any CPU.Build.0 = Debug|Any CPU
		{44AEAC77-C552-4D1E-97C9-A1959A558A9F}.Debug|x64.ActiveCfg = Debug|Any CPU
		{44AEAC77-C552-4D1E-97C9-A1959A558A9F}.Debug|x64.Build.0 = Debug|Any CPU
		{44AEAC77-C552-4D1E-97C9-A1959A558A9F}.Debug|x86.ActiveCfg = Debug|Any CPU
		{44AEAC77-C552-4D1E-97C9-A1959A558A9F}.Debug|x86.Build.0 = Debug|Any CPU
		{44AEAC77-C552-4D1E-97C9-A1959A558A9F}.Release|Any CPU.ActiveCfg = Release|Any CPU
		{44AEAC77-C552-4D1E-97C9-A1959A558A9F}.Release|Any CPU.Build.0 = Release|Any CPU
		{44AEAC77-C552-4D1E-97C9-A1959A558A9F}.Release|x64.ActiveCfg = Release|Any CPU
		{44AEAC77-C552-4D1E-97C9-A1959A558A9F}.Release|x64.Build.0 = Release|Any CPU
		{44AEAC77-C552-4D1E-97C9-A1959A558A9F}.Release|x86.ActiveCfg = Release|Any CPU
		{44AEAC77-C552-4D1E-97C9-A1959A558A9F}.Release|x86.Build.0 = Release|Any CPU
		{F403E514-3A87-4C86-9301-60C5A5F5A665}.Debug|Any CPU.ActiveCfg = Debug|Any CPU
		{F403E514-3A87-4C86-9301-60C5A5F5A665}.Debug|Any CPU.Build.0 = Debug|Any CPU
		{F403E514-3A87-4C86-9301-60C5A5F5A665}.Debug|x64.ActiveCfg = Debug|Any CPU
		{F403E514-3A87-4C86-9301-60C5A5F5A665}.Debug|x64.Build.0 = Debug|Any CPU
		{F403E514-3A87-4C86-9301-60C5A5F5A665}.Debug|x86.ActiveCfg = Debug|Any CPU
		{F403E514-3A87-4C86-9301-60C5A5F5A665}.Debug|x86.Build.0 = Debug|Any CPU
		{F403E514-3A87-4C86-9301-60C5A5F5A665}.Release|Any CPU.ActiveCfg = Release|Any CPU
		{F403E514-3A87-4C86-9301-60C5A5F5A665}.Release|Any CPU.Build.0 = Release|Any CPU
		{F403E514-3A87-4C86-9301-60C5A5F5A665}.Release|x64.ActiveCfg = Release|Any CPU
		{F403E514-3A87-4C86-9301-60C5A5F5A665}.Release|x64.Build.0 = Release|Any CPU
		{F403E514-3A87-4C86-9301-60C5A5F5A665}.Release|x86.ActiveCfg = Release|Any CPU
		{F403E514-3A87-4C86-9301-60C5A5F5A665}.Release|x86.Build.0 = Release|Any CPU
		{D9E72E4D-444A-4EB1-8C43-A43DC86B288C}.Debug|Any CPU.ActiveCfg = Debug|Any CPU
		{D9E72E4D-444A-4EB1-8C43-A43DC86B288C}.Debug|Any CPU.Build.0 = Debug|Any CPU
		{D9E72E4D-444A-4EB1-8C43-A43DC86B288C}.Debug|x64.ActiveCfg = Debug|Any CPU
		{D9E72E4D-444A-4EB1-8C43-A43DC86B288C}.Debug|x64.Build.0 = Debug|Any CPU
		{D9E72E4D-444A-4EB1-8C43-A43DC86B288C}.Debug|x86.ActiveCfg = Debug|Any CPU
		{D9E72E4D-444A-4EB1-8C43-A43DC86B288C}.Debug|x86.Build.0 = Debug|Any CPU
		{D9E72E4D-444A-4EB1-8C43-A43DC86B288C}.Release|Any CPU.ActiveCfg = Release|Any CPU
		{D9E72E4D-444A-4EB1-8C43-A43DC86B288C}.Release|Any CPU.Build.0 = Release|Any CPU
		{D9E72E4D-444A-4EB1-8C43-A43DC86B288C}.Release|x64.ActiveCfg = Release|Any CPU
		{D9E72E4D-444A-4EB1-8C43-A43DC86B288C}.Release|x64.Build.0 = Release|Any CPU
		{D9E72E4D-444A-4EB1-8C43-A43DC86B288C}.Release|x86.ActiveCfg = Release|Any CPU
		{D9E72E4D-444A-4EB1-8C43-A43DC86B288C}.Release|x86.Build.0 = Release|Any CPU
	EndGlobalSection
	GlobalSection(SolutionProperties) = preSolution
		HideSolutionNode = FALSE
	EndGlobalSection
EndGlobal
